
Microsoft Visual Studio Solution File, Format Version 12.00
# Visual Studio Version 16
VisualStudioVersion = 16.0.31129.286
MinimumVisualStudioVersion = 10.0.40219.1
Project("{FAE04EC0-301F-11D3-BF4B-00C04F79EFBC}") = "PaymentContext.Domain", "PaymentContext.Domain\PaymentContext.Domain.csproj", "{B01AB5A5-CC6C-45AD-BBD8-8F4DEA9A721B}"
EndProject
Project("{FAE04EC0-301F-11D3-BF4B-00C04F79EFBC}") = "PaymentContext.Shared", "PaymentContext.Shared\PaymentContext.Shared.csproj", "{C3540981-0FCF-4B99-9F98-C01479AF50C9}"
EndProject
Global
	GlobalSection(SolutionConfigurationPlatforms) = preSolution
		Debug|Any CPU = Debug|Any CPU
		Release|Any CPU = Release|Any CPU
	EndGlobalSection
	GlobalSection(ProjectConfigurationPlatforms) = postSolution
		{B01AB5A5-CC6C-45AD-BBD8-8F4DEA9A721B}.Debug|Any CPU.ActiveCfg = Debug|Any CPU
		{B01AB5A5-CC6C-45AD-BBD8-8F4DEA9A721B}.Debug|Any CPU.Build.0 = Debug|Any CPU
		{B01AB5A5-CC6C-45AD-BBD8-8F4DEA9A721B}.Release|Any CPU.ActiveCfg = Release|Any CPU
		{B01AB5A5-CC6C-45AD-BBD8-8F4DEA9A721B}.Release|Any CPU.Build.0 = Release|Any CPU
		{C3540981-0FCF-4B99-9F98-C01479AF50C9}.Debug|Any CPU.ActiveCfg = Debug|Any CPU
		{C3540981-0FCF-4B99-9F98-C01479AF50C9}.Debug|Any CPU.Build.0 = Debug|Any CPU
		{C3540981-0FCF-4B99-9F98-C01479AF50C9}.Release|Any CPU.ActiveCfg = Release|Any CPU
		{C3540981-0FCF-4B99-9F98-C01479AF50C9}.Release|Any CPU.Build.0 = Release|Any CPU
	EndGlobalSection
	GlobalSection(SolutionProperties) = preSolution
		HideSolutionNode = FALSE
	EndGlobalSection
	GlobalSection(ExtensibilityGlobals) = postSolution
		SolutionGuid = {B2EBBDB4-89BB-4F71-AD0C-769C2D8520C8}
	EndGlobalSection
EndGlobal
